// !$*UTF8*$!
{
	archiveVersion = 1;
	classes = {
	};
	objectVersion = 56;
	objects = {

/* Begin PBXBuildFile section */
		1A00002D2AE54BB60008B9B0 /* emergencyNumbers.csv in Resources */ = {isa = PBXBuildFile; fileRef = 1A00002C2AE54BB60008B9B0 /* emergencyNumbers.csv */; };
		1A1FB9192AE47E9D00ED0D91 /* MapsModel.swift in Sources */ = {isa = PBXBuildFile; fileRef = 1A1FB9182AE47E9D00ED0D91 /* MapsModel.swift */; };
		1A48E0D32AE169900012E64E /* SelectionView.swift in Sources */ = {isa = PBXBuildFile; fileRef = 1A48E0D22AE169900012E64E /* SelectionView.swift */; };
		1A7F95A82AE44537008110B2 /* EmergencyModel.swift in Sources */ = {isa = PBXBuildFile; fileRef = 1A7F95A72AE44537008110B2 /* EmergencyModel.swift */; };
		1A7F95AD2AE459BE008110B2 /* EmergencyMenuModel.swift in Sources */ = {isa = PBXBuildFile; fileRef = 1A7F95AC2AE459BE008110B2 /* EmergencyMenuModel.swift */; };
		1A96617C2AEA62030021B6F3 /* ConversationModel.swift in Sources */ = {isa = PBXBuildFile; fileRef = 1A96617B2AEA62030021B6F3 /* ConversationModel.swift */; };
		1A96617E2AEA64890021B6F3 /* ShapesViewModel.swift in Sources */ = {isa = PBXBuildFile; fileRef = 1A96617D2AEA64890021B6F3 /* ShapesViewModel.swift */; };
		1AA8546E2AE55D2500964C14 /* HapticModel.swift in Sources */ = {isa = PBXBuildFile; fileRef = 1AA8546D2AE55D2500964C14 /* HapticModel.swift */; };
		1AB943FA2AE3F10A005A5D1C /* UIElementsModel.swift in Sources */ = {isa = PBXBuildFile; fileRef = 1AB943F92AE3F10A005A5D1C /* UIElementsModel.swift */; };
		1AC1737A2AE2648700F4818C /* RequestLocationView.swift in Sources */ = {isa = PBXBuildFile; fileRef = 1AC173792AE2648700F4818C /* RequestLocationView.swift */; };
		1AC1737C2AE2655400F4818C /* ErrorView.swift in Sources */ = {isa = PBXBuildFile; fileRef = 1AC1737B2AE2655400F4818C /* ErrorView.swift */; };
		1AC173812AE27B8700F4818C /* CallModel.swift in Sources */ = {isa = PBXBuildFile; fileRef = 1AC173802AE27B8700F4818C /* CallModel.swift */; };
		1AC70CFA2AEAE97E0023F294 /* ConversationView.swift in Sources */ = {isa = PBXBuildFile; fileRef = 1AC70CF92AEAE97E0023F294 /* ConversationView.swift */; };
		1AC70CFD2AEB026E0023F294 /* FirstAidView.swift in Sources */ = {isa = PBXBuildFile; fileRef = 1AC70CFC2AEB026E0023F294 /* FirstAidView.swift */; };
		4E23C3052AEA55E200AD7073 /* TutorialView.swift in Sources */ = {isa = PBXBuildFile; fileRef = 4E23C3042AEA55E200AD7073 /* TutorialView.swift */; };
		4E36D5212AE2608000209E4E /* EmergencyView.swift in Sources */ = {isa = PBXBuildFile; fileRef = 4E36D5202AE2608000209E4E /* EmergencyView.swift */; };
		4E6B4AAE2AE1419600F1C4AD /* LocationViewModel.swift in Sources */ = {isa = PBXBuildFile; fileRef = 4E6B4AAD2AE1419600F1C4AD /* LocationViewModel.swift */; };
		4ED20FF02ADE95B4007B4E50 /* iSOSApp.swift in Sources */ = {isa = PBXBuildFile; fileRef = 4ED20FEF2ADE95B4007B4E50 /* iSOSApp.swift */; };
		4ED20FF22ADE95B4007B4E50 /* Bootstrap.swift in Sources */ = {isa = PBXBuildFile; fileRef = 4ED20FF12ADE95B4007B4E50 /* Bootstrap.swift */; };
		4ED20FF42ADE95B6007B4E50 /* Assets.xcassets in Resources */ = {isa = PBXBuildFile; fileRef = 4ED20FF32ADE95B6007B4E50 /* Assets.xcassets */; };
		4ED20FF72ADE95B6007B4E50 /* Preview Assets.xcassets in Resources */ = {isa = PBXBuildFile; fileRef = 4ED20FF62ADE95B6007B4E50 /* Preview Assets.xcassets */; };
/* End PBXBuildFile section */

/* Begin PBXFileReference section */
		1A00002C2AE54BB60008B9B0 /* emergencyNumbers.csv */ = {isa = PBXFileReference; fileEncoding = 4; lastKnownFileType = text; path = emergencyNumbers.csv; sourceTree = "<group>"; };
		1A1FB9182AE47E9D00ED0D91 /* MapsModel.swift */ = {isa = PBXFileReference; lastKnownFileType = sourcecode.swift; path = MapsModel.swift; sourceTree = "<group>"; };
		1A1FB9202AE5371300ED0D91 /* Info.plist */ = {isa = PBXFileReference; lastKnownFileType = text.plist; path = Info.plist; sourceTree = "<group>"; };
		1A48E0D22AE169900012E64E /* SelectionView.swift */ = {isa = PBXFileReference; lastKnownFileType = sourcecode.swift; path = SelectionView.swift; sourceTree = "<group>"; };
		1A7F95A72AE44537008110B2 /* EmergencyModel.swift */ = {isa = PBXFileReference; lastKnownFileType = sourcecode.swift; path = EmergencyModel.swift; sourceTree = "<group>"; };
		1A7F95AC2AE459BE008110B2 /* EmergencyMenuModel.swift */ = {isa = PBXFileReference; lastKnownFileType = sourcecode.swift; path = EmergencyMenuModel.swift; sourceTree = "<group>"; };
		1A96617B2AEA62030021B6F3 /* ConversationModel.swift */ = {isa = PBXFileReference; lastKnownFileType = sourcecode.swift; path = ConversationModel.swift; sourceTree = "<group>"; };
		1A96617D2AEA64890021B6F3 /* ShapesViewModel.swift */ = {isa = PBXFileReference; lastKnownFileType = sourcecode.swift; path = ShapesViewModel.swift; sourceTree = "<group>"; };
		1AA8546D2AE55D2500964C14 /* HapticModel.swift */ = {isa = PBXFileReference; lastKnownFileType = sourcecode.swift; path = HapticModel.swift; sourceTree = "<group>"; };
		1AB943F92AE3F10A005A5D1C /* UIElementsModel.swift */ = {isa = PBXFileReference; lastKnownFileType = sourcecode.swift; path = UIElementsModel.swift; sourceTree = "<group>"; };
		1AC173792AE2648700F4818C /* RequestLocationView.swift */ = {isa = PBXFileReference; lastKnownFileType = sourcecode.swift; path = RequestLocationView.swift; sourceTree = "<group>"; };
		1AC1737B2AE2655400F4818C /* ErrorView.swift */ = {isa = PBXFileReference; lastKnownFileType = sourcecode.swift; path = ErrorView.swift; sourceTree = "<group>"; };
		1AC173802AE27B8700F4818C /* CallModel.swift */ = {isa = PBXFileReference; lastKnownFileType = sourcecode.swift; path = CallModel.swift; sourceTree = "<group>"; };
		1AC70CF92AEAE97E0023F294 /* ConversationView.swift */ = {isa = PBXFileReference; lastKnownFileType = sourcecode.swift; path = ConversationView.swift; sourceTree = "<group>"; };
		1AC70CFC2AEB026E0023F294 /* FirstAidView.swift */ = {isa = PBXFileReference; lastKnownFileType = sourcecode.swift; path = FirstAidView.swift; sourceTree = "<group>"; };
		4E23C3042AEA55E200AD7073 /* TutorialView.swift */ = {isa = PBXFileReference; lastKnownFileType = sourcecode.swift; path = TutorialView.swift; sourceTree = "<group>"; };
		4E36D5202AE2608000209E4E /* EmergencyView.swift */ = {isa = PBXFileReference; lastKnownFileType = sourcecode.swift; path = EmergencyView.swift; sourceTree = "<group>"; };
		4E6B4AAD2AE1419600F1C4AD /* LocationViewModel.swift */ = {isa = PBXFileReference; lastKnownFileType = sourcecode.swift; path = LocationViewModel.swift; sourceTree = "<group>"; };
		4ED20FEC2ADE95B4007B4E50 /* iSOS.app */ = {isa = PBXFileReference; explicitFileType = wrapper.application; includeInIndex = 0; path = iSOS.app; sourceTree = BUILT_PRODUCTS_DIR; };
		4ED20FEF2ADE95B4007B4E50 /* iSOSApp.swift */ = {isa = PBXFileReference; lastKnownFileType = sourcecode.swift; path = iSOSApp.swift; sourceTree = "<group>"; };
		4ED20FF12ADE95B4007B4E50 /* Bootstrap.swift */ = {isa = PBXFileReference; lastKnownFileType = sourcecode.swift; path = Bootstrap.swift; sourceTree = "<group>"; };
		4ED20FF32ADE95B6007B4E50 /* Assets.xcassets */ = {isa = PBXFileReference; lastKnownFileType = folder.assetcatalog; path = Assets.xcassets; sourceTree = "<group>"; };
		4ED20FF62ADE95B6007B4E50 /* Preview Assets.xcassets */ = {isa = PBXFileReference; lastKnownFileType = folder.assetcatalog; path = "Preview Assets.xcassets"; sourceTree = "<group>"; };
/* End PBXFileReference section */

/* Begin PBXFrameworksBuildPhase section */
		4ED20FE92ADE95B4007B4E50 /* Frameworks */ = {
			isa = PBXFrameworksBuildPhase;
			buildActionMask = 2147483647;
			files = (
			);
			runOnlyForDeploymentPostprocessing = 0;
		};
/* End PBXFrameworksBuildPhase section */

/* Begin PBXGroup section */
		1A00002E2AE54BC30008B9B0 /* Resources */ = {
			isa = PBXGroup;
			children = (
				1A00002C2AE54BB60008B9B0 /* emergencyNumbers.csv */,
			);
			path = Resources;
			sourceTree = "<group>";
		};
		1AB943F62AE29D18005A5D1C /* Models */ = {
			isa = PBXGroup;
			children = (
				4E6B4AAD2AE1419600F1C4AD /* LocationViewModel.swift */,
				1A1FB9182AE47E9D00ED0D91 /* MapsModel.swift */,
				1AC173802AE27B8700F4818C /* CallModel.swift */,
				1A7F95A72AE44537008110B2 /* EmergencyModel.swift */,
				1A96617B2AEA62030021B6F3 /* ConversationModel.swift */,
				1A7F95AC2AE459BE008110B2 /* EmergencyMenuModel.swift */,
				1AA8546D2AE55D2500964C14 /* HapticModel.swift */,
			);
			path = Models;
			sourceTree = "<group>";
		};
		1AB943F72AE29D34005A5D1C /* View */ = {
			isa = PBXGroup;
			children = (
				1AC70CFB2AEAF5C20023F294 /* Sheets */,
				1AC1737F2AE265E700F4818C /* Location screens */,
				1A48E0D22AE169900012E64E /* SelectionView.swift */,
				4E36D5202AE2608000209E4E /* EmergencyView.swift */,
			);
			path = View;
			sourceTree = "<group>";
		};
		1AC1737F2AE265E700F4818C /* Location screens */ = {
			isa = PBXGroup;
			children = (
				1AC1737B2AE2655400F4818C /* ErrorView.swift */,
				1AC173792AE2648700F4818C /* RequestLocationView.swift */,
			);
			path = "Location screens";
			sourceTree = "<group>";
		};
		1AC70CF82AEAE9390023F294 /* ViewModel */ = {
			isa = PBXGroup;
			children = (
				1AB943F92AE3F10A005A5D1C /* UIElementsModel.swift */,
				1A96617D2AEA64890021B6F3 /* ShapesViewModel.swift */,
			);
			path = ViewModel;
			sourceTree = "<group>";
		};
		1AC70CFB2AEAF5C20023F294 /* Sheets */ = {
			isa = PBXGroup;
			children = (
				4E23C3042AEA55E200AD7073 /* TutorialView.swift */,
				1AC70CF92AEAE97E0023F294 /* ConversationView.swift */,
				1AC70CFC2AEB026E0023F294 /* FirstAidView.swift */,
			);
			path = Sheets;
			sourceTree = "<group>";
		};
		4ED20FE32ADE95B4007B4E50 = {
			isa = PBXGroup;
			children = (
				4ED20FEE2ADE95B4007B4E50 /* iSOS */,
				4ED20FED2ADE95B4007B4E50 /* Products */,
			);
			sourceTree = "<group>";
		};
		4ED20FED2ADE95B4007B4E50 /* Products */ = {
			isa = PBXGroup;
			children = (
				4ED20FEC2ADE95B4007B4E50 /* iSOS.app */,
			);
			name = Products;
			sourceTree = "<group>";
		};
		4ED20FEE2ADE95B4007B4E50 /* iSOS */ = {
			isa = PBXGroup;
			children = (
				1A1FB9202AE5371300ED0D91 /* Info.plist */,
				4ED20FEF2ADE95B4007B4E50 /* iSOSApp.swift */,
				4ED20FF12ADE95B4007B4E50 /* Bootstrap.swift */,
				1AB943F72AE29D34005A5D1C /* View */,
				1AB943F62AE29D18005A5D1C /* Models */,
				1AC70CF82AEAE9390023F294 /* ViewModel */,
				1A00002E2AE54BC30008B9B0 /* Resources */,
				4ED20FF32ADE95B6007B4E50 /* Assets.xcassets */,
				4ED20FF52ADE95B6007B4E50 /* Preview Content */,
			);
			path = iSOS;
			sourceTree = "<group>";
		};
		4ED20FF52ADE95B6007B4E50 /* Preview Content */ = {
			isa = PBXGroup;
			children = (
				4ED20FF62ADE95B6007B4E50 /* Preview Assets.xcassets */,
			);
			path = "Preview Content";
			sourceTree = "<group>";
		};
/* End PBXGroup section */

/* Begin PBXNativeTarget section */
		4ED20FEB2ADE95B4007B4E50 /* iSOS */ = {
			isa = PBXNativeTarget;
			buildConfigurationList = 4ED210102ADE95B6007B4E50 /* Build configuration list for PBXNativeTarget "iSOS" */;
			buildPhases = (
				4ED20FE82ADE95B4007B4E50 /* Sources */,
				4ED20FE92ADE95B4007B4E50 /* Frameworks */,
				4ED20FEA2ADE95B4007B4E50 /* Resources */,
			);
			buildRules = (
			);
			dependencies = (
			);
			name = iSOS;
			productName = iSOS;
			productReference = 4ED20FEC2ADE95B4007B4E50 /* iSOS.app */;
			productType = "com.apple.product-type.application";
		};
/* End PBXNativeTarget section */

/* Begin PBXProject section */
		4ED20FE42ADE95B4007B4E50 /* Project object */ = {
			isa = PBXProject;
			attributes = {
				BuildIndependentTargetsInParallel = 1;
				LastSwiftUpdateCheck = 1500;
				LastUpgradeCheck = 1500;
				TargetAttributes = {
					4ED20FEB2ADE95B4007B4E50 = {
						CreatedOnToolsVersion = 15.0;
					};
				};
			};
			buildConfigurationList = 4ED20FE72ADE95B4007B4E50 /* Build configuration list for PBXProject "iSOS" */;
			compatibilityVersion = "Xcode 14.0";
			developmentRegion = en;
			hasScannedForEncodings = 0;
			knownRegions = (
				en,
				Base,
			);
			mainGroup = 4ED20FE32ADE95B4007B4E50;
			productRefGroup = 4ED20FED2ADE95B4007B4E50 /* Products */;
			projectDirPath = "";
			projectRoot = "";
			targets = (
				4ED20FEB2ADE95B4007B4E50 /* iSOS */,
			);
		};
/* End PBXProject section */

/* Begin PBXResourcesBuildPhase section */
		4ED20FEA2ADE95B4007B4E50 /* Resources */ = {
			isa = PBXResourcesBuildPhase;
			buildActionMask = 2147483647;
			files = (
				4ED20FF72ADE95B6007B4E50 /* Preview Assets.xcassets in Resources */,
				4ED20FF42ADE95B6007B4E50 /* Assets.xcassets in Resources */,
				1A00002D2AE54BB60008B9B0 /* emergencyNumbers.csv in Resources */,
			);
			runOnlyForDeploymentPostprocessing = 0;
		};
/* End PBXResourcesBuildPhase section */

/* Begin PBXSourcesBuildPhase section */
		4ED20FE82ADE95B4007B4E50 /* Sources */ = {
			isa = PBXSourcesBuildPhase;
			buildActionMask = 2147483647;
			files = (
				1A1FB9192AE47E9D00ED0D91 /* MapsModel.swift in Sources */,
				1AA8546E2AE55D2500964C14 /* HapticModel.swift in Sources */,
				1AC1737A2AE2648700F4818C /* RequestLocationView.swift in Sources */,
				4ED20FF22ADE95B4007B4E50 /* Bootstrap.swift in Sources */,
				1AC1737C2AE2655400F4818C /* ErrorView.swift in Sources */,
				1A48E0D32AE169900012E64E /* SelectionView.swift in Sources */,
				1AC173812AE27B8700F4818C /* CallModel.swift in Sources */,
				1AB943FA2AE3F10A005A5D1C /* UIElementsModel.swift in Sources */,
				1AC70CFD2AEB026E0023F294 /* FirstAidView.swift in Sources */,
				4E23C3052AEA55E200AD7073 /* TutorialView.swift in Sources */,
				1A96617E2AEA64890021B6F3 /* ShapesViewModel.swift in Sources */,
				1A96617C2AEA62030021B6F3 /* ConversationModel.swift in Sources */,
				1AC70CFA2AEAE97E0023F294 /* ConversationView.swift in Sources */,
				4E6B4AAE2AE1419600F1C4AD /* LocationViewModel.swift in Sources */,
				1A7F95A82AE44537008110B2 /* EmergencyModel.swift in Sources */,
				1A7F95AD2AE459BE008110B2 /* EmergencyMenuModel.swift in Sources */,
				4ED20FF02ADE95B4007B4E50 /* iSOSApp.swift in Sources */,
				4E36D5212AE2608000209E4E /* EmergencyView.swift in Sources */,
			);
			runOnlyForDeploymentPostprocessing = 0;
		};
/* End PBXSourcesBuildPhase section */

/* Begin XCBuildConfiguration section */
		4ED2100E2ADE95B6007B4E50 /* Debug */ = {
			isa = XCBuildConfiguration;
			buildSettings = {
				ALWAYS_SEARCH_USER_PATHS = NO;
				ASSETCATALOG_COMPILER_GENERATE_SWIFT_ASSET_SYMBOL_EXTENSIONS = YES;
				CLANG_ANALYZER_NONNULL = YES;
				CLANG_ANALYZER_NUMBER_OBJECT_CONVERSION = YES_AGGRESSIVE;
				CLANG_CXX_LANGUAGE_STANDARD = "gnu++20";
				CLANG_ENABLE_MODULES = YES;
				CLANG_ENABLE_OBJC_ARC = YES;
				CLANG_ENABLE_OBJC_WEAK = YES;
				CLANG_WARN_BLOCK_CAPTURE_AUTORELEASING = YES;
				CLANG_WARN_BOOL_CONVERSION = YES;
				CLANG_WARN_COMMA = YES;
				CLANG_WARN_CONSTANT_CONVERSION = YES;
				CLANG_WARN_DEPRECATED_OBJC_IMPLEMENTATIONS = YES;
				CLANG_WARN_DIRECT_OBJC_ISA_USAGE = YES_ERROR;
				CLANG_WARN_DOCUMENTATION_COMMENTS = YES;
				CLANG_WARN_EMPTY_BODY = YES;
				CLANG_WARN_ENUM_CONVERSION = YES;
				CLANG_WARN_INFINITE_RECURSION = YES;
				CLANG_WARN_INT_CONVERSION = YES;
				CLANG_WARN_NON_LITERAL_NULL_CONVERSION = YES;
				CLANG_WARN_OBJC_IMPLICIT_RETAIN_SELF = YES;
				CLANG_WARN_OBJC_LITERAL_CONVERSION = YES;
				CLANG_WARN_OBJC_ROOT_CLASS = YES_ERROR;
				CLANG_WARN_QUOTED_INCLUDE_IN_FRAMEWORK_HEADER = YES;
				CLANG_WARN_RANGE_LOOP_ANALYSIS = YES;
				CLANG_WARN_STRICT_PROTOTYPES = YES;
				CLANG_WARN_SUSPICIOUS_MOVE = YES;
				CLANG_WARN_UNGUARDED_AVAILABILITY = YES_AGGRESSIVE;
				CLANG_WARN_UNREACHABLE_CODE = YES;
				CLANG_WARN__DUPLICATE_METHOD_MATCH = YES;
				COPY_PHASE_STRIP = NO;
				DEBUG_INFORMATION_FORMAT = dwarf;
				ENABLE_STRICT_OBJC_MSGSEND = YES;
				ENABLE_TESTABILITY = YES;
				ENABLE_USER_SCRIPT_SANDBOXING = YES;
				GCC_C_LANGUAGE_STANDARD = gnu17;
				GCC_DYNAMIC_NO_PIC = NO;
				GCC_NO_COMMON_BLOCKS = YES;
				GCC_OPTIMIZATION_LEVEL = 0;
				GCC_PREPROCESSOR_DEFINITIONS = (
					"DEBUG=1",
					"$(inherited)",
				);
				GCC_WARN_64_TO_32_BIT_CONVERSION = YES;
				GCC_WARN_ABOUT_RETURN_TYPE = YES_ERROR;
				GCC_WARN_UNDECLARED_SELECTOR = YES;
				GCC_WARN_UNINITIALIZED_AUTOS = YES_AGGRESSIVE;
				GCC_WARN_UNUSED_FUNCTION = YES;
				GCC_WARN_UNUSED_VARIABLE = YES;
				IPHONEOS_DEPLOYMENT_TARGET = 17.0;
				LOCALIZATION_PREFERS_STRING_CATALOGS = YES;
				MTL_ENABLE_DEBUG_INFO = INCLUDE_SOURCE;
				MTL_FAST_MATH = YES;
				ONLY_ACTIVE_ARCH = YES;
				SDKROOT = iphoneos;
				SWIFT_ACTIVE_COMPILATION_CONDITIONS = "DEBUG $(inherited)";
				SWIFT_OPTIMIZATION_LEVEL = "-Onone";
			};
			name = Debug;
		};
		4ED2100F2ADE95B6007B4E50 /* Release */ = {
			isa = XCBuildConfiguration;
			buildSettings = {
				ALWAYS_SEARCH_USER_PATHS = NO;
				ASSETCATALOG_COMPILER_GENERATE_SWIFT_ASSET_SYMBOL_EXTENSIONS = YES;
				CLANG_ANALYZER_NONNULL = YES;
				CLANG_ANALYZER_NUMBER_OBJECT_CONVERSION = YES_AGGRESSIVE;
				CLANG_CXX_LANGUAGE_STANDARD = "gnu++20";
				CLANG_ENABLE_MODULES = YES;
				CLANG_ENABLE_OBJC_ARC = YES;
				CLANG_ENABLE_OBJC_WEAK = YES;
				CLANG_WARN_BLOCK_CAPTURE_AUTORELEASING = YES;
				CLANG_WARN_BOOL_CONVERSION = YES;
				CLANG_WARN_COMMA = YES;
				CLANG_WARN_CONSTANT_CONVERSION = YES;
				CLANG_WARN_DEPRECATED_OBJC_IMPLEMENTATIONS = YES;
				CLANG_WARN_DIRECT_OBJC_ISA_USAGE = YES_ERROR;
				CLANG_WARN_DOCUMENTATION_COMMENTS = YES;
				CLANG_WARN_EMPTY_BODY = YES;
				CLANG_WARN_ENUM_CONVERSION = YES;
				CLANG_WARN_INFINITE_RECURSION = YES;
				CLANG_WARN_INT_CONVERSION = YES;
				CLANG_WARN_NON_LITERAL_NULL_CONVERSION = YES;
				CLANG_WARN_OBJC_IMPLICIT_RETAIN_SELF = YES;
				CLANG_WARN_OBJC_LITERAL_CONVERSION = YES;
				CLANG_WARN_OBJC_ROOT_CLASS = YES_ERROR;
				CLANG_WARN_QUOTED_INCLUDE_IN_FRAMEWORK_HEADER = YES;
				CLANG_WARN_RANGE_LOOP_ANALYSIS = YES;
				CLANG_WARN_STRICT_PROTOTYPES = YES;
				CLANG_WARN_SUSPICIOUS_MOVE = YES;
				CLANG_WARN_UNGUARDED_AVAILABILITY = YES_AGGRESSIVE;
				CLANG_WARN_UNREACHABLE_CODE = YES;
				CLANG_WARN__DUPLICATE_METHOD_MATCH = YES;
				COPY_PHASE_STRIP = NO;
				DEBUG_INFORMATION_FORMAT = "dwarf-with-dsym";
				ENABLE_NS_ASSERTIONS = NO;
				ENABLE_STRICT_OBJC_MSGSEND = YES;
				ENABLE_USER_SCRIPT_SANDBOXING = YES;
				GCC_C_LANGUAGE_STANDARD = gnu17;
				GCC_NO_COMMON_BLOCKS = YES;
				GCC_WARN_64_TO_32_BIT_CONVERSION = YES;
				GCC_WARN_ABOUT_RETURN_TYPE = YES_ERROR;
				GCC_WARN_UNDECLARED_SELECTOR = YES;
				GCC_WARN_UNINITIALIZED_AUTOS = YES_AGGRESSIVE;
				GCC_WARN_UNUSED_FUNCTION = YES;
				GCC_WARN_UNUSED_VARIABLE = YES;
				IPHONEOS_DEPLOYMENT_TARGET = 17.0;
				LOCALIZATION_PREFERS_STRING_CATALOGS = YES;
				MTL_ENABLE_DEBUG_INFO = NO;
				MTL_FAST_MATH = YES;
				SDKROOT = iphoneos;
				SWIFT_COMPILATION_MODE = wholemodule;
				VALIDATE_PRODUCT = YES;
			};
			name = Release;
		};
		4ED210112ADE95B6007B4E50 /* Debug */ = {
			isa = XCBuildConfiguration;
			buildSettings = {
				ASSETCATALOG_COMPILER_APPICON_NAME = AppIcon;
				ASSETCATALOG_COMPILER_GLOBAL_ACCENT_COLOR_NAME = AccentColor;
				CODE_SIGN_STYLE = Automatic;
				CURRENT_PROJECT_VERSION = 1;
				DEVELOPMENT_ASSET_PATHS = "\"iSOS/Preview Content\"";
				DEVELOPMENT_TEAM = GXDG2KXXXC;
				ENABLE_PREVIEWS = YES;
				GENERATE_INFOPLIST_FILE = YES;
				INFOPLIST_FILE = iSOS/Info.plist;
				INFOPLIST_KEY_CFBundleDisplayName = HelpApp;
				INFOPLIST_KEY_LSApplicationCategoryType = "public.app-category.utilities";
				INFOPLIST_KEY_NSLocationAlwaysUsageDescription = "";
				INFOPLIST_KEY_NSLocationWhenInUseUsageDescription = "";
				INFOPLIST_KEY_UIApplicationSceneManifest_Generation = YES;
				INFOPLIST_KEY_UIApplicationSupportsIndirectInputEvents = YES;
				INFOPLIST_KEY_UIRequiresFullScreen = YES;
				INFOPLIST_KEY_UISupportedInterfaceOrientations = UIInterfaceOrientationPortrait;
				LD_RUNPATH_SEARCH_PATHS = (
					"$(inherited)",
					"@executable_path/Frameworks",
				);
				MARKETING_VERSION = 1.0;
				PRODUCT_BUNDLE_IDENTIFIER = com.mattnovoselov.iSOS;
				PRODUCT_NAME = "$(TARGET_NAME)";
				SWIFT_EMIT_LOC_STRINGS = YES;
				SWIFT_VERSION = 5.0;
				TARGETED_DEVICE_FAMILY = "1,2";
			};
			name = Debug;
		};
		4ED210122ADE95B6007B4E50 /* Release */ = {
			isa = XCBuildConfiguration;
			buildSettings = {
				ASSETCATALOG_COMPILER_APPICON_NAME = AppIcon;
				ASSETCATALOG_COMPILER_GLOBAL_ACCENT_COLOR_NAME = AccentColor;
				CODE_SIGN_STYLE = Automatic;
				CURRENT_PROJECT_VERSION = 1;
				DEVELOPMENT_ASSET_PATHS = "\"iSOS/Preview Content\"";
				DEVELOPMENT_TEAM = GXDG2KXXXC;
				ENABLE_PREVIEWS = YES;
				GENERATE_INFOPLIST_FILE = YES;
				INFOPLIST_FILE = iSOS/Info.plist;
				INFOPLIST_KEY_CFBundleDisplayName = HelpApp;
				INFOPLIST_KEY_LSApplicationCategoryType = "public.app-category.utilities";
				INFOPLIST_KEY_NSLocationAlwaysUsageDescription = "";
				INFOPLIST_KEY_NSLocationWhenInUseUsageDescription = "";
				INFOPLIST_KEY_UIApplicationSceneManifest_Generation = YES;
				INFOPLIST_KEY_UIApplicationSupportsIndirectInputEvents = YES;
				INFOPLIST_KEY_UIRequiresFullScreen = YES;
				INFOPLIST_KEY_UISupportedInterfaceOrientations = UIInterfaceOrientationPortrait;
				LD_RUNPATH_SEARCH_PATHS = (
					"$(inherited)",
					"@executable_path/Frameworks",
				);
				MARKETING_VERSION = 1.0;
				PRODUCT_BUNDLE_IDENTIFIER = com.mattnovoselov.iSOS;
				PRODUCT_NAME = "$(TARGET_NAME)";
				SWIFT_EMIT_LOC_STRINGS = YES;
				SWIFT_VERSION = 5.0;
				TARGETED_DEVICE_FAMILY = "1,2";
			};
			name = Release;
		};
/* End XCBuildConfiguration section */

/* Begin XCConfigurationList section */
		4ED20FE72ADE95B4007B4E50 /* Build configuration list for PBXProject "iSOS" */ = {
			isa = XCConfigurationList;
			buildConfigurations = (
				4ED2100E2ADE95B6007B4E50 /* Debug */,
				4ED2100F2ADE95B6007B4E50 /* Release */,
			);
			defaultConfigurationIsVisible = 0;
			defaultConfigurationName = Release;
		};
		4ED210102ADE95B6007B4E50 /* Build configuration list for PBXNativeTarget "iSOS" */ = {
			isa = XCConfigurationList;
			buildConfigurations = (
				4ED210112ADE95B6007B4E50 /* Debug */,
				4ED210122ADE95B6007B4E50 /* Release */,
			);
			defaultConfigurationIsVisible = 0;
			defaultConfigurationName = Release;
		};
/* End XCConfigurationList section */
	};
	rootObject = 4ED20FE42ADE95B4007B4E50 /* Project object */;
}
